// !$*UTF8*$!
{
	archiveVersion = 1;
	classes = {
	};
	objectVersion = 50;
	objects = {

/* Begin PBXBuildFile section */
		8EB0202620A9637300FF4129 /* AppDelegate.swift in Sources */ = {isa = PBXBuildFile; fileRef = 8EB0202520A9637300FF4129 /* AppDelegate.swift */; };
		8EB0202820A9637300FF4129 /* ViewController.swift in Sources */ = {isa = PBXBuildFile; fileRef = 8EB0202720A9637300FF4129 /* ViewController.swift */; };
		8EB0202B20A9637300FF4129 /* Main.storyboard in Resources */ = {isa = PBXBuildFile; fileRef = 8EB0202920A9637300FF4129 /* Main.storyboard */; };
		8EB0202D20A9637400FF4129 /* Assets.xcassets in Resources */ = {isa = PBXBuildFile; fileRef = 8EB0202C20A9637400FF4129 /* Assets.xcassets */; };
		8EB0203020A9637400FF4129 /* LaunchScreen.storyboard in Resources */ = {isa = PBXBuildFile; fileRef = 8EB0202E20A9637400FF4129 /* LaunchScreen.storyboard */; };
		8EB0203B20A9637400FF4129 /* CodeReaderTests.swift in Sources */ = {isa = PBXBuildFile; fileRef = 8EB0203A20A9637400FF4129 /* CodeReaderTests.swift */; };
		8EB0204620A9637400FF4129 /* CodeReaderUITests.swift in Sources */ = {isa = PBXBuildFile; fileRef = 8EB0204520A9637400FF4129 /* CodeReaderUITests.swift */; };
/* End PBXBuildFile section */

/* Begin PBXContainerItemProxy section */
		8EB0203720A9637400FF4129 /* PBXContainerItemProxy */ = {
			isa = PBXContainerItemProxy;
			containerPortal = 8EB0201A20A9637300FF4129 /* Project object */;
			proxyType = 1;
			remoteGlobalIDString = 8EB0202120A9637300FF4129;
			remoteInfo = CodeReader;
		};
		8EB0204220A9637400FF4129 /* PBXContainerItemProxy */ = {
			isa = PBXContainerItemProxy;
			containerPortal = 8EB0201A20A9637300FF4129 /* Project object */;
			proxyType = 1;
			remoteGlobalIDString = 8EB0202120A9637300FF4129;
			remoteInfo = CodeReader;
		};
/* End PBXContainerItemProxy section */

/* Begin PBXFileReference section */
		8EB0202220A9637300FF4129 /* CodeReader.app */ = {isa = PBXFileReference; explicitFileType = wrapper.application; includeInIndex = 0; path = CodeReader.app; sourceTree = BUILT_PRODUCTS_DIR; };
		8EB0202520A9637300FF4129 /* AppDelegate.swift */ = {isa = PBXFileReference; lastKnownFileType = sourcecode.swift; path = AppDelegate.swift; sourceTree = "<group>"; };
		8EB0202720A9637300FF4129 /* ViewController.swift */ = {isa = PBXFileReference; lastKnownFileType = sourcecode.swift; path = ViewController.swift; sourceTree = "<group>"; };
		8EB0202A20A9637300FF4129 /* Base */ = {isa = PBXFileReference; lastKnownFileType = file.storyboard; name = Base; path = Base.lproj/Main.storyboard; sourceTree = "<group>"; };
		8EB0202C20A9637400FF4129 /* Assets.xcassets */ = {isa = PBXFileReference; lastKnownFileType = folder.assetcatalog; path = Assets.xcassets; sourceTree = "<group>"; };
		8EB0202F20A9637400FF4129 /* Base */ = {isa = PBXFileReference; lastKnownFileType = file.storyboard; name = Base; path = Base.lproj/LaunchScreen.storyboard; sourceTree = "<group>"; };
		8EB0203120A9637400FF4129 /* Info.plist */ = {isa = PBXFileReference; lastKnownFileType = text.plist.xml; path = Info.plist; sourceTree = "<group>"; };
		8EB0203620A9637400FF4129 /* CodeReaderTests.xctest */ = {isa = PBXFileReference; explicitFileType = wrapper.cfbundle; includeInIndex = 0; path = CodeReaderTests.xctest; sourceTree = BUILT_PRODUCTS_DIR; };
		8EB0203A20A9637400FF4129 /* CodeReaderTests.swift */ = {isa = PBXFileReference; lastKnownFileType = sourcecode.swift; path = CodeReaderTests.swift; sourceTree = "<group>"; };
		8EB0203C20A9637400FF4129 /* Info.plist */ = {isa = PBXFileReference; lastKnownFileType = text.plist.xml; path = Info.plist; sourceTree = "<group>"; };
		8EB0204120A9637400FF4129 /* CodeReaderUITests.xctest */ = {isa = PBXFileReference; explicitFileType = wrapper.cfbundle; includeInIndex = 0; path = CodeReaderUITests.xctest; sourceTree = BUILT_PRODUCTS_DIR; };
		8EB0204520A9637400FF4129 /* CodeReaderUITests.swift */ = {isa = PBXFileReference; lastKnownFileType = sourcecode.swift; path = CodeReaderUITests.swift; sourceTree = "<group>"; };
		8EB0204720A9637400FF4129 /* Info.plist */ = {isa = PBXFileReference; lastKnownFileType = text.plist.xml; path = Info.plist; sourceTree = "<group>"; };
/* End PBXFileReference section */

/* Begin PBXFrameworksBuildPhase section */
		8EB0201F20A9637300FF4129 /* Frameworks */ = {
			isa = PBXFrameworksBuildPhase;
			buildActionMask = 2147483647;
			files = (
			);
			runOnlyForDeploymentPostprocessing = 0;
		};
		8EB0203320A9637400FF4129 /* Frameworks */ = {
			isa = PBXFrameworksBuildPhase;
			buildActionMask = 2147483647;
			files = (
			);
			runOnlyForDeploymentPostprocessing = 0;
		};
		8EB0203E20A9637400FF4129 /* Frameworks */ = {
			isa = PBXFrameworksBuildPhase;
			buildActionMask = 2147483647;
			files = (
			);
			runOnlyForDeploymentPostprocessing = 0;
		};
/* End PBXFrameworksBuildPhase section */

/* Begin PBXGroup section */
		8EB0201920A9637300FF4129 = {
			isa = PBXGroup;
			children = (
				8EB0202420A9637300FF4129 /* CodeReader */,
				8EB0203920A9637400FF4129 /* CodeReaderTests */,
				8EB0204420A9637400FF4129 /* CodeReaderUITests */,
				8EB0202320A9637300FF4129 /* Products */,
			);
			sourceTree = "<group>";
		};
		8EB0202320A9637300FF4129 /* Products */ = {
			isa = PBXGroup;
			children = (
				8EB0202220A9637300FF4129 /* CodeReader.app */,
				8EB0203620A9637400FF4129 /* CodeReaderTests.xctest */,
				8EB0204120A9637400FF4129 /* CodeReaderUITests.xctest */,
			);
			name = Products;
			sourceTree = "<group>";
		};
		8EB0202420A9637300FF4129 /* CodeReader */ = {
			isa = PBXGroup;
			children = (
				8EB0202520A9637300FF4129 /* AppDelegate.swift */,
				8EB0202720A9637300FF4129 /* ViewController.swift */,
				8EB0202920A9637300FF4129 /* Main.storyboard */,
				8EB0202C20A9637400FF4129 /* Assets.xcassets */,
				8EB0202E20A9637400FF4129 /* LaunchScreen.storyboard */,
				8EB0203120A9637400FF4129 /* Info.plist */,
			);
			path = CodeReader;
			sourceTree = "<group>";
		};
		8EB0203920A9637400FF4129 /* CodeReaderTests */ = {
			isa = PBXGroup;
			children = (
				8EB0203A20A9637400FF4129 /* CodeReaderTests.swift */,
				8EB0203C20A9637400FF4129 /* Info.plist */,
			);
			path = CodeReaderTests;
			sourceTree = "<group>";
		};
		8EB0204420A9637400FF4129 /* CodeReaderUITests */ = {
			isa = PBXGroup;
			children = (
				8EB0204520A9637400FF4129 /* CodeReaderUITests.swift */,
				8EB0204720A9637400FF4129 /* Info.plist */,
			);
			path = CodeReaderUITests;
			sourceTree = "<group>";
		};
/* End PBXGroup section */

/* Begin PBXNativeTarget section */
		8EB0202120A9637300FF4129 /* CodeReader */ = {
			isa = PBXNativeTarget;
			buildConfigurationList = 8EB0204A20A9637400FF4129 /* Build configuration list for PBXNativeTarget "CodeReader" */;
			buildPhases = (
				8EB0201E20A9637300FF4129 /* Sources */,
				8EB0201F20A9637300FF4129 /* Frameworks */,
				8EB0202020A9637300FF4129 /* Resources */,
			);
			buildRules = (
			);
			dependencies = (
			);
			name = CodeReader;
			productName = CodeReader;
			productReference = 8EB0202220A9637300FF4129 /* CodeReader.app */;
			productType = "com.apple.product-type.application";
		};
		8EB0203520A9637400FF4129 /* CodeReaderTests */ = {
			isa = PBXNativeTarget;
			buildConfigurationList = 8EB0204D20A9637400FF4129 /* Build configuration list for PBXNativeTarget "CodeReaderTests" */;
			buildPhases = (
				8EB0203220A9637400FF4129 /* Sources */,
				8EB0203320A9637400FF4129 /* Frameworks */,
				8EB0203420A9637400FF4129 /* Resources */,
			);
			buildRules = (
			);
			dependencies = (
				8EB0203820A9637400FF4129 /* PBXTargetDependency */,
			);
			name = CodeReaderTests;
			productName = CodeReaderTests;
			productReference = 8EB0203620A9637400FF4129 /* CodeReaderTests.xctest */;
			productType = "com.apple.product-type.bundle.unit-test";
		};
		8EB0204020A9637400FF4129 /* CodeReaderUITests */ = {
			isa = PBXNativeTarget;
			buildConfigurationList = 8EB0205020A9637400FF4129 /* Build configuration list for PBXNativeTarget "CodeReaderUITests" */;
			buildPhases = (
				8EB0203D20A9637400FF4129 /* Sources */,
				8EB0203E20A9637400FF4129 /* Frameworks */,
				8EB0203F20A9637400FF4129 /* Resources */,
			);
			buildRules = (
			);
			dependencies = (
				8EB0204320A9637400FF4129 /* PBXTargetDependency */,
			);
			name = CodeReaderUITests;
			productName = CodeReaderUITests;
			productReference = 8EB0204120A9637400FF4129 /* CodeReaderUITests.xctest */;
			productType = "com.apple.product-type.bundle.ui-testing";
		};
/* End PBXNativeTarget section */

/* Begin PBXProject section */
		8EB0201A20A9637300FF4129 /* Project object */ = {
			isa = PBXProject;
			attributes = {
				LastSwiftUpdateCheck = 0930;
				LastUpgradeCheck = 0930;
				ORGANIZATIONNAME = stone;
				TargetAttributes = {
					8EB0202120A9637300FF4129 = {
						CreatedOnToolsVersion = 9.3;
					};
					8EB0203520A9637400FF4129 = {
						CreatedOnToolsVersion = 9.3;
						TestTargetID = 8EB0202120A9637300FF4129;
					};
					8EB0204020A9637400FF4129 = {
						CreatedOnToolsVersion = 9.3;
						TestTargetID = 8EB0202120A9637300FF4129;
					};
				};
			};
			buildConfigurationList = 8EB0201D20A9637300FF4129 /* Build configuration list for PBXProject "CodeReader" */;
			compatibilityVersion = "Xcode 9.3";
			developmentRegion = en;
			hasScannedForEncodings = 0;
			knownRegions = (
				en,
				Base,
			);
			mainGroup = 8EB0201920A9637300FF4129;
			productRefGroup = 8EB0202320A9637300FF4129 /* Products */;
			projectDirPath = "";
			projectRoot = "";
			targets = (
				8EB0202120A9637300FF4129 /* CodeReader */,
				8EB0203520A9637400FF4129 /* CodeReaderTests */,
				8EB0204020A9637400FF4129 /* CodeReaderUITests */,
			);
		};
/* End PBXProject section */

/* Begin PBXResourcesBuildPhase section */
		8EB0202020A9637300FF4129 /* Resources */ = {
			isa = PBXResourcesBuildPhase;
			buildActionMask = 2147483647;
			files = (
				8EB0203020A9637400FF4129 /* LaunchScreen.storyboard in Resources */,
				8EB0202D20A9637400FF4129 /* Assets.xcassets in Resources */,
				8EB0202B20A9637300FF4129 /* Main.storyboard in Resources */,
			);
			runOnlyForDeploymentPostprocessing = 0;
		};
		8EB0203420A9637400FF4129 /* Resources */ = {
			isa = PBXResourcesBuildPhase;
			buildActionMask = 2147483647;
			files = (
			);
			runOnlyForDeploymentPostprocessing = 0;
		};
		8EB0203F20A9637400FF4129 /* Resources */ = {
			isa = PBXResourcesBuildPhase;
			buildActionMask = 2147483647;
			files = (
			);
			runOnlyForDeploymentPostprocessing = 0;
		};
/* End PBXResourcesBuildPhase section */

/* Begin PBXSourcesBuildPhase section */
		8EB0201E20A9637300FF4129 /* Sources */ = {
			isa = PBXSourcesBuildPhase;
			buildActionMask = 2147483647;
			files = (
				8EB0202820A9637300FF4129 /* ViewController.swift in Sources */,
				8EB0202620A9637300FF4129 /* AppDelegate.swift in Sources */,
			);
			runOnlyForDeploymentPostprocessing = 0;
		};
		8EB0203220A9637400FF4129 /* Sources */ = {
			isa = PBXSourcesBuildPhase;
			buildActionMask = 2147483647;
			files = (
				8EB0203B20A9637400FF4129 /* CodeReaderTests.swift in Sources */,
			);
			runOnlyForDeploymentPostprocessing = 0;
		};
		8EB0203D20A9637400FF4129 /* Sources */ = {
			isa = PBXSourcesBuildPhase;
			buildActionMask = 2147483647;
			files = (
				8EB0204620A9637400FF4129 /* CodeReaderUITests.swift in Sources */,
			);
			runOnlyForDeploymentPostprocessing = 0;
		};
/* End PBXSourcesBuildPhase section */

/* Begin PBXTargetDependency section */
		8EB0203820A9637400FF4129 /* PBXTargetDependency */ = {
			isa = PBXTargetDependency;
			target = 8EB0202120A9637300FF4129 /* CodeReader */;
			targetProxy = 8EB0203720A9637400FF4129 /* PBXContainerItemProxy */;
		};
		8EB0204320A9637400FF4129 /* PBXTargetDependency */ = {
			isa = PBXTargetDependency;
			target = 8EB0202120A9637300FF4129 /* CodeReader */;
			targetProxy = 8EB0204220A9637400FF4129 /* PBXContainerItemProxy */;
		};
/* End PBXTargetDependency section */

/* Begin PBXVariantGroup section */
		8EB0202920A9637300FF4129 /* Main.storyboard */ = {
			isa = PBXVariantGroup;
			children = (
				8EB0202A20A9637300FF4129 /* Base */,
			);
			name = Main.storyboard;
			sourceTree = "<group>";
		};
		8EB0202E20A9637400FF4129 /* LaunchScreen.storyboard */ = {
			isa = PBXVariantGroup;
			children = (
				8EB0202F20A9637400FF4129 /* Base */,
			);
			name = LaunchScreen.storyboard;
			sourceTree = "<group>";
		};
/* End PBXVariantGroup section */

/* Begin XCBuildConfiguration section */
		8EB0204820A9637400FF4129 /* Debug */ = {
			isa = XCBuildConfiguration;
			buildSettings = {
				ALWAYS_SEARCH_USER_PATHS = NO;
				CLANG_ANALYZER_NONNULL = YES;
				CLANG_ANALYZER_NUMBER_OBJECT_CONVERSION = YES_AGGRESSIVE;
				CLANG_CXX_LANGUAGE_STANDARD = "gnu++14";
				CLANG_CXX_LIBRARY = "libc++";
				CLANG_ENABLE_MODULES = YES;
				CLANG_ENABLE_OBJC_ARC = YES;
				CLANG_ENABLE_OBJC_WEAK = YES;
				CLANG_WARN_BLOCK_CAPTURE_AUTORELEASING = YES;
				CLANG_WARN_BOOL_CONVERSION = YES;
				CLANG_WARN_COMMA = YES;
				CLANG_WARN_CONSTANT_CONVERSION = YES;
				CLANG_WARN_DEPRECATED_OBJC_IMPLEMENTATIONS = YES;
				CLANG_WARN_DIRECT_OBJC_ISA_USAGE = YES_ERROR;
				CLANG_WARN_DOCUMENTATION_COMMENTS = YES;
				CLANG_WARN_EMPTY_BODY = YES;
				CLANG_WARN_ENUM_CONVERSION = YES;
				CLANG_WARN_INFINITE_RECURSION = YES;
				CLANG_WARN_INT_CONVERSION = YES;
				CLANG_WARN_NON_LITERAL_NULL_CONVERSION = YES;
				CLANG_WARN_OBJC_IMPLICIT_RETAIN_SELF = YES;
				CLANG_WARN_OBJC_LITERAL_CONVERSION = YES;
				CLANG_WARN_OBJC_ROOT_CLASS = YES_ERROR;
				CLANG_WARN_RANGE_LOOP_ANALYSIS = YES;
				CLANG_WARN_STRICT_PROTOTYPES = YES;
				CLANG_WARN_SUSPICIOUS_MOVE = YES;
				CLANG_WARN_UNGUARDED_AVAILABILITY = YES_AGGRESSIVE;
				CLANG_WARN_UNREACHABLE_CODE = YES;
				CLANG_WARN__DUPLICATE_METHOD_MATCH = YES;
				CODE_SIGN_IDENTITY = "iPhone Developer";
				COPY_PHASE_STRIP = NO;
				DEBUG_INFORMATION_FORMAT = dwarf;
				ENABLE_STRICT_OBJC_MSGSEND = YES;
				ENABLE_TESTABILITY = YES;
				GCC_C_LANGUAGE_STANDARD = gnu11;
				GCC_DYNAMIC_NO_PIC = NO;
				GCC_NO_COMMON_BLOCKS = YES;
				GCC_OPTIMIZATION_LEVEL = 0;
				GCC_PREPROCESSOR_DEFINITIONS = (
					"DEBUG=1",
					"$(inherited)",
				);
				GCC_WARN_64_TO_32_BIT_CONVERSION = YES;
				GCC_WARN_ABOUT_RETURN_TYPE = YES_ERROR;
				GCC_WARN_UNDECLARED_SELECTOR = YES;
				GCC_WARN_UNINITIALIZED_AUTOS = YES_AGGRESSIVE;
				GCC_WARN_UNUSED_FUNCTION = YES;
				GCC_WARN_UNUSED_VARIABLE = YES;
				IPHONEOS_DEPLOYMENT_TARGET = 11.3;
				MTL_ENABLE_DEBUG_INFO = YES;
				ONLY_ACTIVE_ARCH = YES;
				SDKROOT = iphoneos;
				SWIFT_ACTIVE_COMPILATION_CONDITIONS = DEBUG;
				SWIFT_OPTIMIZATION_LEVEL = "-Onone";
			};
			name = Debug;
		};
		8EB0204920A9637400FF4129 /* Release */ = {
			isa = XCBuildConfiguration;
			buildSettings = {
				ALWAYS_SEARCH_USER_PATHS = NO;
				CLANG_ANALYZER_NONNULL = YES;
				CLANG_ANALYZER_NUMBER_OBJECT_CONVERSION = YES_AGGRESSIVE;
				CLANG_CXX_LANGUAGE_STANDARD = "gnu++14";
				CLANG_CXX_LIBRARY = "libc++";
				CLANG_ENABLE_MODULES = YES;
				CLANG_ENABLE_OBJC_ARC = YES;
				CLANG_ENABLE_OBJC_WEAK = YES;
				CLANG_WARN_BLOCK_CAPTURE_AUTORELEASING = YES;
				CLANG_WARN_BOOL_CONVERSION = YES;
				CLANG_WARN_COMMA = YES;
				CLANG_WARN_CONSTANT_CONVERSION = YES;
				CLANG_WARN_DEPRECATED_OBJC_IMPLEMENTATIONS = YES;
				CLANG_WARN_DIRECT_OBJC_ISA_USAGE = YES_ERROR;
				CLANG_WARN_DOCUMENTATION_COMMENTS = YES;
				CLANG_WARN_EMPTY_BODY = YES;
				CLANG_WARN_ENUM_CONVERSION = YES;
				CLANG_WARN_INFINITE_RECURSION = YES;
				CLANG_WARN_INT_CONVERSION = YES;
				CLANG_WARN_NON_LITERAL_NULL_CONVERSION = YES;
				CLANG_WARN_OBJC_IMPLICIT_RETAIN_SELF = YES;
				CLANG_WARN_OBJC_LITERAL_CONVERSION = YES;
				CLANG_WARN_OBJC_ROOT_CLASS = YES_ERROR;
				CLANG_WARN_RANGE_LOOP_ANALYSIS = YES;
				CLANG_WARN_STRICT_PROTOTYPES = YES;
				CLANG_WARN_SUSPICIOUS_MOVE = YES;
				CLANG_WARN_UNGUARDED_AVAILABILITY = YES_AGGRESSIVE;
				CLANG_WARN_UNREACHABLE_CODE = YES;
				CLANG_WARN__DUPLICATE_METHOD_MATCH = YES;
				CODE_SIGN_IDENTITY = "iPhone Developer";
				COPY_PHASE_STRIP = NO;
				DEBUG_INFORMATION_FORMAT = "dwarf-with-dsym";
				ENABLE_NS_ASSERTIONS = NO;
				ENABLE_STRICT_OBJC_MSGSEND = YES;
				GCC_C_LANGUAGE_STANDARD = gnu11;
				GCC_NO_COMMON_BLOCKS = YES;
				GCC_WARN_64_TO_32_BIT_CONVERSION = YES;
				GCC_WARN_ABOUT_RETURN_TYPE = YES_ERROR;
				GCC_WARN_UNDECLARED_SELECTOR = YES;
				GCC_WARN_UNINITIALIZED_AUTOS = YES_AGGRESSIVE;
				GCC_WARN_UNUSED_FUNCTION = YES;
				GCC_WARN_UNUSED_VARIABLE = YES;
				IPHONEOS_DEPLOYMENT_TARGET = 11.3;
				MTL_ENABLE_DEBUG_INFO = NO;
				SDKROOT = iphoneos;
				SWIFT_COMPILATION_MODE = wholemodule;
				SWIFT_OPTIMIZATION_LEVEL = "-O";
				VALIDATE_PRODUCT = YES;
			};
			name = Release;
		};
		8EB0204B20A9637400FF4129 /* Debug */ = {
			isa = XCBuildConfiguration;
			buildSettings = {
				ASSETCATALOG_COMPILER_APPICON_NAME = AppIcon;
				CODE_SIGN_STYLE = Automatic;
				DEVELOPMENT_TEAM = M3F9TEZ6GX;
				INFOPLIST_FILE = CodeReader/Info.plist;
				LD_RUNPATH_SEARCH_PATHS = (
					"$(inherited)",
					"@executable_path/Frameworks",
				);
				PRODUCT_BUNDLE_IDENTIFIER = stonesystem.CodeReader;
				PRODUCT_NAME = "$(TARGET_NAME)";
				SWIFT_VERSION = 4.0;
				TARGETED_DEVICE_FAMILY = "1,2";
			};
			name = Debug;
		};
		8EB0204C20A9637400FF4129 /* Release */ = {
			isa = XCBuildConfiguration;
			buildSettings = {
				ASSETCATALOG_COMPILER_APPICON_NAME = AppIcon;
				CODE_SIGN_STYLE = Automatic;
				DEVELOPMENT_TEAM = M3F9TEZ6GX;
				INFOPLIST_FILE = CodeReader/Info.plist;
				LD_RUNPATH_SEARCH_PATHS = (
					"$(inherited)",
					"@executable_path/Frameworks",
				);
				PRODUCT_BUNDLE_IDENTIFIER = stonesystem.CodeReader;
				PRODUCT_NAME = "$(TARGET_NAME)";
				SWIFT_VERSION = 4.0;
				TARGETED_DEVICE_FAMILY = "1,2";
			};
			name = Release;
		};
		8EB0204E20A9637400FF4129 /* Debug */ = {
			isa = XCBuildConfiguration;
			buildSettings = {
				ALWAYS_EMBED_SWIFT_STANDARD_LIBRARIES = YES;
				BUNDLE_LOADER = "$(TEST_HOST)";
				CODE_SIGN_STYLE = Automatic;
				DEVELOPMENT_TEAM = M3F9TEZ6GX;
				INFOPLIST_FILE = CodeReaderTests/Info.plist;
				LD_RUNPATH_SEARCH_PATHS = (
					"$(inherited)",
					"@executable_path/Frameworks",
					"@loader_path/Frameworks",
				);
				PRODUCT_BUNDLE_IDENTIFIER = stonesystem.CodeReaderTests;
				PRODUCT_NAME = "$(TARGET_NAME)";
				SWIFT_VERSION = 4.0;
				TARGETED_DEVICE_FAMILY = "1,2";
				TEST_HOST = "$(BUILT_PRODUCTS_DIR)/CodeReader.app/CodeReader";
			};
			name = Debug;
		};
		8EB0204F20A9637400FF4129 /* Release */ = {
			isa = XCBuildConfiguration;
			buildSettings = {
				ALWAYS_EMBED_SWIFT_STANDARD_LIBRARIES = YES;
				BUNDLE_LOADER = "$(TEST_HOST)";
				CODE_SIGN_STYLE = Automatic;
				DEVELOPMENT_TEAM = M3F9TEZ6GX;
				INFOPLIST_FILE = CodeReaderTests/Info.plist;
				LD_RUNPATH_SEARCH_PATHS = (
					"$(inherited)",
					"@executable_path/Frameworks",
					"@loader_path/Frameworks",
				);
				PRODUCT_BUNDLE_IDENTIFIER = stonesystem.CodeReaderTests;
				PRODUCT_NAME = "$(TARGET_NAME)";
				SWIFT_VERSION = 4.0;
				TARGETED_DEVICE_FAMILY = "1,2";
				TEST_HOST = "$(BUILT_PRODUCTS_DIR)/CodeReader.app/CodeReader";
			};
			name = Release;
		};
		8EB0205120A9637400FF4129 /* Debug */ = {
			isa = XCBuildConfiguration;
			buildSettings = {
				ALWAYS_EMBED_SWIFT_STANDARD_LIBRARIES = YES;
				CODE_SIGN_STYLE = Automatic;
				DEVELOPMENT_TEAM = M3F9TEZ6GX;
				INFOPLIST_FILE = CodeReaderUITests/Info.plist;
				LD_RUNPATH_SEARCH_PATHS = (
					"$(inherited)",
					"@executable_path/Frameworks",
					"@loader_path/Frameworks",
				);
				PRODUCT_BUNDLE_IDENTIFIER = stonesystem.CodeReaderUITests;
				PRODUCT_NAME = "$(TARGET_NAME)";
				SWIFT_VERSION = 4.0;
				TARGETED_DEVICE_FAMILY = "1,2";
				TEST_TARGET_NAME = CodeReader;
			};
			name = Debug;
		};
		8EB0205220A9637400FF4129 /* Release */ = {
			isa = XCBuildConfiguration;
			buildSettings = {
				ALWAYS_EMBED_SWIFT_STANDARD_LIBRARIES = YES;
				CODE_SIGN_STYLE = Automatic;
				DEVELOPMENT_TEAM = M3F9TEZ6GX;
				INFOPLIST_FILE = CodeReaderUITests/Info.plist;
				LD_RUNPATH_SEARCH_PATHS = (
					"$(inherited)",
					"@executable_path/Frameworks",
					"@loader_path/Frameworks",
				);
				PRODUCT_BUNDLE_IDENTIFIER = stonesystem.CodeReaderUITests;
				PRODUCT_NAME = "$(TARGET_NAME)";
				SWIFT_VERSION = 4.0;
				TARGETED_DEVICE_FAMILY = "1,2";
				TEST_TARGET_NAME = CodeReader;
			};
			name = Release;
		};
/* End XCBuildConfiguration section */

/* Begin XCConfigurationList section */
		8EB0201D20A9637300FF4129 /* Build configuration list for PBXProject "CodeReader" */ = {
			isa = XCConfigurationList;
			buildConfigurations = (
				8EB0204820A9637400FF4129 /* Debug */,
				8EB0204920A9637400FF4129 /* Release */,
			);
			defaultConfigurationIsVisible = 0;
			defaultConfigurationName = Release;
		};
		8EB0204A20A9637400FF4129 /* Build configuration list for PBXNativeTarget "CodeReader" */ = {
			isa = XCConfigurationList;
			buildConfigurations = (
				8EB0204B20A9637400FF4129 /* Debug */,
				8EB0204C20A9637400FF4129 /* Release */,
			);
			defaultConfigurationIsVisible = 0;
			defaultConfigurationName = Release;
		};
		8EB0204D20A9637400FF4129 /* Build configuration list for PBXNativeTarget "CodeReaderTests" */ = {
			isa = XCConfigurationList;
			buildConfigurations = (
				8EB0204E20A9637400FF4129 /* Debug */,
				8EB0204F20A9637400FF4129 /* Release */,
			);
			defaultConfigurationIsVisible = 0;
			defaultConfigurationName = Release;
		};
		8EB0205020A9637400FF4129 /* Build configuration list for PBXNativeTarget "CodeReaderUITests" */ = {
			isa = XCConfigurationList;
			buildConfigurations = (
				8EB0205120A9637400FF4129 /* Debug */,
				8EB0205220A9637400FF4129 /* Release */,
			);
			defaultConfigurationIsVisible = 0;
			defaultConfigurationName = Release;
		};
/* End XCConfigurationList section */
	};
	rootObject = 8EB0201A20A9637300FF4129 /* Project object */;
}
